
Microsoft Visual Studio Solution File, Format Version 12.00
# Visual Studio 15
VisualStudioVersion = 15.0.26228.9
MinimumVisualStudioVersion = 10.0.40219.1
Project("{FAE04EC0-301F-11D3-BF4B-00C04F79EFBC}") = "Aula 2017-03-20", "src\Aula 2017-03-20\Aula 2017-03-20.csproj", "{9632F0CB-67C9-4B13-8560-838AA0DBDD5A}"
EndProject
Project("{2150E333-8FDC-42A3-9474-1A3956D46DE8}") = "Solution Items", "Solution Items", "{047C3788-0ADF-46BB-AE18-AA1EDEC8D6E9}"
	ProjectSection(SolutionItems) = preProject
		.gitignore = .gitignore
	EndProjectSection
EndProject
Project("{FAE04EC0-301F-11D3-BF4B-00C04F79EFBC}") = "Aula 2017-03-24", "src\Aula 2017-03-24\Aula 2017-03-24.csproj", "{FEC3FD24-2337-4D88-AE31-6687E2DC8174}"
EndProject
Project("{FAE04EC0-301F-11D3-BF4B-00C04F79EFBC}") = "Aula 2017-03-24Tests", "src\Aula 2017-03-24Tests\Aula 2017-03-24Tests.csproj", "{8496D89D-BABD-4786-B8EF-03A31FAC1848}"
EndProject
Project("{FAE04EC0-301F-11D3-BF4B-00C04F79EFBC}") = "Aula 2017-03-31", "E:\OneDrive\OneDrive - Instituto Superior de Engenharia de Lisboa\ISEL\Disciplinas\2016_2017\2016-2017Ver-AVE\Repositories\AVE-1617v-LI41D\src\Aula 2017-03-31\Aula 2017-03-31.csproj", "{7B4CA1EF-D858-4EFF-8C19-5B381756D185}"
EndProject
Project("{FAE04EC0-301F-11D3-BF4B-00C04F79EFBC}") = "Aula 2017-04-03", "E:\OneDrive\OneDrive - Instituto Superior de Engenharia de Lisboa\ISEL\Disciplinas\2016_2017\2016-2017Ver-AVE\Repositories\AVE-1617v-LI41D\src\Aula 2017-04-03\Aula 2017-04-03.csproj", "{364FB7BF-097D-478F-B96C-4755626FD801}"
EndProject
Global
	GlobalSection(SolutionConfigurationPlatforms) = preSolution
		Debug|Any CPU = Debug|Any CPU
		Release|Any CPU = Release|Any CPU
	EndGlobalSection
	GlobalSection(ProjectConfigurationPlatforms) = postSolution
		{9632F0CB-67C9-4B13-8560-838AA0DBDD5A}.Debug|Any CPU.ActiveCfg = Debug|Any CPU
		{9632F0CB-67C9-4B13-8560-838AA0DBDD5A}.Debug|Any CPU.Build.0 = Debug|Any CPU
		{9632F0CB-67C9-4B13-8560-838AA0DBDD5A}.Release|Any CPU.ActiveCfg = Release|Any CPU
		{9632F0CB-67C9-4B13-8560-838AA0DBDD5A}.Release|Any CPU.Build.0 = Release|Any CPU
		{FEC3FD24-2337-4D88-AE31-6687E2DC8174}.Debug|Any CPU.ActiveCfg = Debug|Any CPU
		{FEC3FD24-2337-4D88-AE31-6687E2DC8174}.Debug|Any CPU.Build.0 = Debug|Any CPU
		{FEC3FD24-2337-4D88-AE31-6687E2DC8174}.Release|Any CPU.ActiveCfg = Release|Any CPU
		{FEC3FD24-2337-4D88-AE31-6687E2DC8174}.Release|Any CPU.Build.0 = Release|Any CPU
		{8496D89D-BABD-4786-B8EF-03A31FAC1848}.Debug|Any CPU.ActiveCfg = Debug|Any CPU
		{8496D89D-BABD-4786-B8EF-03A31FAC1848}.Debug|Any CPU.Build.0 = Debug|Any CPU
		{8496D89D-BABD-4786-B8EF-03A31FAC1848}.Release|Any CPU.ActiveCfg = Release|Any CPU
		{8496D89D-BABD-4786-B8EF-03A31FAC1848}.Release|Any CPU.Build.0 = Release|Any CPU
		{7B4CA1EF-D858-4EFF-8C19-5B381756D185}.Debug|Any CPU.ActiveCfg = Debug|Any CPU
		{7B4CA1EF-D858-4EFF-8C19-5B381756D185}.Debug|Any CPU.Build.0 = Debug|Any CPU
		{7B4CA1EF-D858-4EFF-8C19-5B381756D185}.Release|Any CPU.ActiveCfg = Release|Any CPU
		{7B4CA1EF-D858-4EFF-8C19-5B381756D185}.Release|Any CPU.Build.0 = Release|Any CPU
		{364FB7BF-097D-478F-B96C-4755626FD801}.Debug|Any CPU.ActiveCfg = Debug|Any CPU
		{364FB7BF-097D-478F-B96C-4755626FD801}.Debug|Any CPU.Build.0 = Debug|Any CPU
		{364FB7BF-097D-478F-B96C-4755626FD801}.Release|Any CPU.ActiveCfg = Release|Any CPU
		{364FB7BF-097D-478F-B96C-4755626FD801}.Release|Any CPU.Build.0 = Release|Any CPU
	EndGlobalSection
	GlobalSection(SolutionProperties) = preSolution
		HideSolutionNode = FALSE
	EndGlobalSection
EndGlobal
